// !$*UTF8*$!
{
	archiveVersion = 1;
	classes = {
	};
	objectVersion = 46;
	objects = {

/* Begin PBXBuildFile section */
		111F197018860B5000D54F8C /* NmffDataController.m in Sources */ = {isa = PBXBuildFile; fileRef = 111F196F18860B5000D54F8C /* NmffDataController.m */; };
		111F29EF1887C3F6001B3235 /* NmffSharedImageProcessor.m in Sources */ = {isa = PBXBuildFile; fileRef = 111F29EE1887C3F6001B3235 /* NmffSharedImageProcessor.m */; };
		1144F19C188894F700C8D730 /* NmffCell.m in Sources */ = {isa = PBXBuildFile; fileRef = 1144F19B188894F700C8D730 /* NmffCell.m */; };
		11D294EE1885E096004C0A08 /* Foundation.framework in Frameworks */ = {isa = PBXBuildFile; fileRef = 11D294ED1885E096004C0A08 /* Foundation.framework */; };
		11D294F01885E096004C0A08 /* CoreGraphics.framework in Frameworks */ = {isa = PBXBuildFile; fileRef = 11D294EF1885E096004C0A08 /* CoreGraphics.framework */; };
		11D294F21885E096004C0A08 /* UIKit.framework in Frameworks */ = {isa = PBXBuildFile; fileRef = 11D294F11885E096004C0A08 /* UIKit.framework */; };
		11D294F81885E096004C0A08 /* InfoPlist.strings in Resources */ = {isa = PBXBuildFile; fileRef = 11D294F61885E096004C0A08 /* InfoPlist.strings */; };
		11D294FA1885E096004C0A08 /* main.m in Sources */ = {isa = PBXBuildFile; fileRef = 11D294F91885E096004C0A08 /* main.m */; };
		11D294FE1885E096004C0A08 /* NmffAppDelegate.m in Sources */ = {isa = PBXBuildFile; fileRef = 11D294FD1885E096004C0A08 /* NmffAppDelegate.m */; };
		11D295001885E096004C0A08 /* Images.xcassets in Resources */ = {isa = PBXBuildFile; fileRef = 11D294FF1885E096004C0A08 /* Images.xcassets */; };
		11D295071885E096004C0A08 /* XCTest.framework in Frameworks */ = {isa = PBXBuildFile; fileRef = 11D295061885E096004C0A08 /* XCTest.framework */; };
		11D295081885E096004C0A08 /* Foundation.framework in Frameworks */ = {isa = PBXBuildFile; fileRef = 11D294ED1885E096004C0A08 /* Foundation.framework */; };
		11D295091885E096004C0A08 /* UIKit.framework in Frameworks */ = {isa = PBXBuildFile; fileRef = 11D294F11885E096004C0A08 /* UIKit.framework */; };
		11D295111885E096004C0A08 /* InfoPlist.strings in Resources */ = {isa = PBXBuildFile; fileRef = 11D2950F1885E096004C0A08 /* InfoPlist.strings */; };
		11D295131885E096004C0A08 /* Class_RosterTests.m in Sources */ = {isa = PBXBuildFile; fileRef = 11D295121885E096004C0A08 /* Class_RosterTests.m */; };
		11D2951D1885E0C1004C0A08 /* Main_iPhone.storyboard in Resources */ = {isa = PBXBuildFile; fileRef = 11D2951C1885E0C1004C0A08 /* Main_iPhone.storyboard */; };
		11D295201885E0ED004C0A08 /* NmffViewController.m in Sources */ = {isa = PBXBuildFile; fileRef = 11D2951F1885E0ED004C0A08 /* NmffViewController.m */; };
		11D295291885E2FD004C0A08 /* NmffDetailViewController.m in Sources */ = {isa = PBXBuildFile; fileRef = 11D295281885E2FD004C0A08 /* NmffDetailViewController.m */; };
		11D2952D1885EC07004C0A08 /* NmffIndividual.m in Sources */ = {isa = PBXBuildFile; fileRef = 11D2952C1885EC07004C0A08 /* NmffIndividual.m */; };
		11D2952F1885F126004C0A08 /* Bootcamp.plist in Resources */ = {isa = PBXBuildFile; fileRef = 11D2952E1885F126004C0A08 /* Bootcamp.plist */; };
/* End PBXBuildFile section */

/* Begin PBXContainerItemProxy section */
		11D2950A1885E096004C0A08 /* PBXContainerItemProxy */ = {
			isa = PBXContainerItemProxy;
			containerPortal = 11D294E21885E096004C0A08 /* Project object */;
			proxyType = 1;
			remoteGlobalIDString = 11D294E91885E096004C0A08;
			remoteInfo = "Class Roster";
		};
/* End PBXContainerItemProxy section */

/* Begin PBXFileReference section */
		111F196E18860B5000D54F8C /* NmffDataController.h */ = {isa = PBXFileReference; fileEncoding = 4; lastKnownFileType = sourcecode.c.h; path = NmffDataController.h; sourceTree = "<group>"; };
		111F196F18860B5000D54F8C /* NmffDataController.m */ = {isa = PBXFileReference; fileEncoding = 4; lastKnownFileType = sourcecode.c.objc; path = NmffDataController.m; sourceTree = "<group>"; };
		111F29ED1887C3F6001B3235 /* NmffSharedImageProcessor.h */ = {isa = PBXFileReference; fileEncoding = 4; lastKnownFileType = sourcecode.c.h; path = NmffSharedImageProcessor.h; sourceTree = "<group>"; };
		111F29EE1887C3F6001B3235 /* NmffSharedImageProcessor.m */ = {isa = PBXFileReference; fileEncoding = 4; lastKnownFileType = sourcecode.c.objc; path = NmffSharedImageProcessor.m; sourceTree = "<group>"; };
		1144F19A188894F700C8D730 /* NmffCell.h */ = {isa = PBXFileReference; fileEncoding = 4; lastKnownFileType = sourcecode.c.h; path = NmffCell.h; sourceTree = "<group>"; };
		1144F19B188894F700C8D730 /* NmffCell.m */ = {isa = PBXFileReference; fileEncoding = 4; lastKnownFileType = sourcecode.c.objc; path = NmffCell.m; sourceTree = "<group>"; };
		11D294EA1885E096004C0A08 /* Class Roster.app */ = {isa = PBXFileReference; explicitFileType = wrapper.application; includeInIndex = 0; path = "Class Roster.app"; sourceTree = BUILT_PRODUCTS_DIR; };
		11D294ED1885E096004C0A08 /* Foundation.framework */ = {isa = PBXFileReference; lastKnownFileType = wrapper.framework; name = Foundation.framework; path = System/Library/Frameworks/Foundation.framework; sourceTree = SDKROOT; };
		11D294EF1885E096004C0A08 /* CoreGraphics.framework */ = {isa = PBXFileReference; lastKnownFileType = wrapper.framework; name = CoreGraphics.framework; path = System/Library/Frameworks/CoreGraphics.framework; sourceTree = SDKROOT; };
		11D294F11885E096004C0A08 /* UIKit.framework */ = {isa = PBXFileReference; lastKnownFileType = wrapper.framework; name = UIKit.framework; path = System/Library/Frameworks/UIKit.framework; sourceTree = SDKROOT; };
		11D294F51885E096004C0A08 /* Class Roster-Info.plist */ = {isa = PBXFileReference; lastKnownFileType = text.plist.xml; path = "Class Roster-Info.plist"; sourceTree = "<group>"; };
		11D294F71885E096004C0A08 /* en */ = {isa = PBXFileReference; lastKnownFileType = text.plist.strings; name = en; path = en.lproj/InfoPlist.strings; sourceTree = "<group>"; };
		11D294F91885E096004C0A08 /* main.m */ = {isa = PBXFileReference; lastKnownFileType = sourcecode.c.objc; path = main.m; sourceTree = "<group>"; };
		11D294FB1885E096004C0A08 /* Class Roster-Prefix.pch */ = {isa = PBXFileReference; lastKnownFileType = sourcecode.c.h; path = "Class Roster-Prefix.pch"; sourceTree = "<group>"; };
		11D294FC1885E096004C0A08 /* NmffAppDelegate.h */ = {isa = PBXFileReference; lastKnownFileType = sourcecode.c.h; path = NmffAppDelegate.h; sourceTree = "<group>"; };
		11D294FD1885E096004C0A08 /* NmffAppDelegate.m */ = {isa = PBXFileReference; lastKnownFileType = sourcecode.c.objc; path = NmffAppDelegate.m; sourceTree = "<group>"; };
		11D294FF1885E096004C0A08 /* Images.xcassets */ = {isa = PBXFileReference; lastKnownFileType = folder.assetcatalog; path = Images.xcassets; sourceTree = "<group>"; };
		11D295051885E096004C0A08 /* Class RosterTests.xctest */ = {isa = PBXFileReference; explicitFileType = wrapper.cfbundle; includeInIndex = 0; path = "Class RosterTests.xctest"; sourceTree = BUILT_PRODUCTS_DIR; };
		11D295061885E096004C0A08 /* XCTest.framework */ = {isa = PBXFileReference; lastKnownFileType = wrapper.framework; name = XCTest.framework; path = Library/Frameworks/XCTest.framework; sourceTree = DEVELOPER_DIR; };
		11D2950E1885E096004C0A08 /* Class RosterTests-Info.plist */ = {isa = PBXFileReference; lastKnownFileType = text.plist.xml; path = "Class RosterTests-Info.plist"; sourceTree = "<group>"; };
		11D295101885E096004C0A08 /* en */ = {isa = PBXFileReference; lastKnownFileType = text.plist.strings; name = en; path = en.lproj/InfoPlist.strings; sourceTree = "<group>"; };
		11D295121885E096004C0A08 /* Class_RosterTests.m */ = {isa = PBXFileReference; lastKnownFileType = sourcecode.c.objc; path = Class_RosterTests.m; sourceTree = "<group>"; };
		11D2951C1885E0C1004C0A08 /* Main_iPhone.storyboard */ = {isa = PBXFileReference; fileEncoding = 4; lastKnownFileType = file.storyboard; path = Main_iPhone.storyboard; sourceTree = "<group>"; };
		11D2951E1885E0ED004C0A08 /* NmffViewController.h */ = {isa = PBXFileReference; fileEncoding = 4; lastKnownFileType = sourcecode.c.h; path = NmffViewController.h; sourceTree = "<group>"; };
		11D2951F1885E0ED004C0A08 /* NmffViewController.m */ = {isa = PBXFileReference; fileEncoding = 4; lastKnownFileType = sourcecode.c.objc; path = NmffViewController.m; sourceTree = "<group>"; };
		11D295271885E2FD004C0A08 /* NmffDetailViewController.h */ = {isa = PBXFileReference; fileEncoding = 4; lastKnownFileType = sourcecode.c.h; path = NmffDetailViewController.h; sourceTree = "<group>"; };
		11D295281885E2FD004C0A08 /* NmffDetailViewController.m */ = {isa = PBXFileReference; fileEncoding = 4; lastKnownFileType = sourcecode.c.objc; path = NmffDetailViewController.m; sourceTree = "<group>"; };
		11D2952B1885EC07004C0A08 /* NmffIndividual.h */ = {isa = PBXFileReference; fileEncoding = 4; lastKnownFileType = sourcecode.c.h; path = NmffIndividual.h; sourceTree = "<group>"; };
		11D2952C1885EC07004C0A08 /* NmffIndividual.m */ = {isa = PBXFileReference; fileEncoding = 4; lastKnownFileType = sourcecode.c.objc; path = NmffIndividual.m; sourceTree = "<group>"; };
		11D2952E1885F126004C0A08 /* Bootcamp.plist */ = {isa = PBXFileReference; fileEncoding = 4; lastKnownFileType = text.plist.xml; path = Bootcamp.plist; sourceTree = "<group>"; };
/* End PBXFileReference section */

/* Begin PBXFrameworksBuildPhase section */
		11D294E71885E096004C0A08 /* Frameworks */ = {
			isa = PBXFrameworksBuildPhase;
			buildActionMask = 2147483647;
			files = (
				11D294F01885E096004C0A08 /* CoreGraphics.framework in Frameworks */,
				11D294F21885E096004C0A08 /* UIKit.framework in Frameworks */,
				11D294EE1885E096004C0A08 /* Foundation.framework in Frameworks */,
			);
			runOnlyForDeploymentPostprocessing = 0;
		};
		11D295021885E096004C0A08 /* Frameworks */ = {
			isa = PBXFrameworksBuildPhase;
			buildActionMask = 2147483647;
			files = (
				11D295071885E096004C0A08 /* XCTest.framework in Frameworks */,
				11D295091885E096004C0A08 /* UIKit.framework in Frameworks */,
				11D295081885E096004C0A08 /* Foundation.framework in Frameworks */,
			);
			runOnlyForDeploymentPostprocessing = 0;
		};
/* End PBXFrameworksBuildPhase section */

/* Begin PBXGroup section */
		11D294E11885E096004C0A08 = {
			isa = PBXGroup;
			children = (
				11D294F31885E096004C0A08 /* Class Roster */,
				11D2950C1885E096004C0A08 /* Class RosterTests */,
				11D294EC1885E096004C0A08 /* Frameworks */,
				11D294EB1885E096004C0A08 /* Products */,
			);
			sourceTree = "<group>";
		};
		11D294EB1885E096004C0A08 /* Products */ = {
			isa = PBXGroup;
			children = (
				11D294EA1885E096004C0A08 /* Class Roster.app */,
				11D295051885E096004C0A08 /* Class RosterTests.xctest */,
			);
			name = Products;
			sourceTree = "<group>";
		};
		11D294EC1885E096004C0A08 /* Frameworks */ = {
			isa = PBXGroup;
			children = (
				11D294ED1885E096004C0A08 /* Foundation.framework */,
				11D294EF1885E096004C0A08 /* CoreGraphics.framework */,
				11D294F11885E096004C0A08 /* UIKit.framework */,
				11D295061885E096004C0A08 /* XCTest.framework */,
			);
			name = Frameworks;
			sourceTree = "<group>";
		};
		11D294F31885E096004C0A08 /* Class Roster */ = {
			isa = PBXGroup;
			children = (
				11D294FC1885E096004C0A08 /* NmffAppDelegate.h */,
				11D294FD1885E096004C0A08 /* NmffAppDelegate.m */,
				11D295271885E2FD004C0A08 /* NmffDetailViewController.h */,
				11D295281885E2FD004C0A08 /* NmffDetailViewController.m */,
				111F29ED1887C3F6001B3235 /* NmffSharedImageProcessor.h */,
				111F29EE1887C3F6001B3235 /* NmffSharedImageProcessor.m */,
				11D2951C1885E0C1004C0A08 /* Main_iPhone.storyboard */,
				11D2951E1885E0ED004C0A08 /* NmffViewController.h */,
				11D2951F1885E0ED004C0A08 /* NmffViewController.m */,
				111F196E18860B5000D54F8C /* NmffDataController.h */,
				111F196F18860B5000D54F8C /* NmffDataController.m */,
				1144F19A188894F700C8D730 /* NmffCell.h */,
				1144F19B188894F700C8D730 /* NmffCell.m */,
				11D2952B1885EC07004C0A08 /* NmffIndividual.h */,
				11D2952C1885EC07004C0A08 /* NmffIndividual.m */,
				11D2952E1885F126004C0A08 /* Bootcamp.plist */,
				11D294FF1885E096004C0A08 /* Images.xcassets */,
				11D294F41885E096004C0A08 /* Supporting Files */,
			);
			path = "Class Roster";
			sourceTree = "<group>";
		};
		11D294F41885E096004C0A08 /* Supporting Files */ = {
			isa = PBXGroup;
			children = (
				11D294F51885E096004C0A08 /* Class Roster-Info.plist */,
				11D294F61885E096004C0A08 /* InfoPlist.strings */,
				11D294F91885E096004C0A08 /* main.m */,
				11D294FB1885E096004C0A08 /* Class Roster-Prefix.pch */,
			);
			name = "Supporting Files";
			sourceTree = "<group>";
		};
		11D2950C1885E096004C0A08 /* Class RosterTests */ = {
			isa = PBXGroup;
			children = (
				11D295121885E096004C0A08 /* Class_RosterTests.m */,
				11D2950D1885E096004C0A08 /* Supporting Files */,
			);
			path = "Class RosterTests";
			sourceTree = "<group>";
		};
		11D2950D1885E096004C0A08 /* Supporting Files */ = {
			isa = PBXGroup;
			children = (
				11D2950E1885E096004C0A08 /* Class RosterTests-Info.plist */,
				11D2950F1885E096004C0A08 /* InfoPlist.strings */,
			);
			name = "Supporting Files";
			sourceTree = "<group>";
		};
/* End PBXGroup section */

/* Begin PBXNativeTarget section */
		11D294E91885E096004C0A08 /* Class Roster */ = {
			isa = PBXNativeTarget;
			buildConfigurationList = 11D295161885E096004C0A08 /* Build configuration list for PBXNativeTarget "Class Roster" */;
			buildPhases = (
				11D294E61885E096004C0A08 /* Sources */,
				11D294E71885E096004C0A08 /* Frameworks */,
				11D294E81885E096004C0A08 /* Resources */,
			);
			buildRules = (
			);
			dependencies = (
			);
			name = "Class Roster";
			productName = "Class Roster";
			productReference = 11D294EA1885E096004C0A08 /* Class Roster.app */;
			productType = "com.apple.product-type.application";
		};
		11D295041885E096004C0A08 /* Class RosterTests */ = {
			isa = PBXNativeTarget;
			buildConfigurationList = 11D295191885E096004C0A08 /* Build configuration list for PBXNativeTarget "Class RosterTests" */;
			buildPhases = (
				11D295011885E096004C0A08 /* Sources */,
				11D295021885E096004C0A08 /* Frameworks */,
				11D295031885E096004C0A08 /* Resources */,
			);
			buildRules = (
			);
			dependencies = (
				11D2950B1885E096004C0A08 /* PBXTargetDependency */,
			);
			name = "Class RosterTests";
			productName = "Class RosterTests";
			productReference = 11D295051885E096004C0A08 /* Class RosterTests.xctest */;
			productType = "com.apple.product-type.bundle.unit-test";
		};
/* End PBXNativeTarget section */

/* Begin PBXProject section */
		11D294E21885E096004C0A08 /* Project object */ = {
			isa = PBXProject;
			attributes = {
				CLASSPREFIX = Nmff;
				LastUpgradeCheck = 0500;
				ORGANIZATIONNAME = "NMFF Development";
				TargetAttributes = {
					11D295041885E096004C0A08 = {
						TestTargetID = 11D294E91885E096004C0A08;
					};
				};
			};
			buildConfigurationList = 11D294E51885E096004C0A08 /* Build configuration list for PBXProject "Class Roster" */;
			compatibilityVersion = "Xcode 3.2";
			developmentRegion = English;
			hasScannedForEncodings = 0;
			knownRegions = (
				en,
			);
			mainGroup = 11D294E11885E096004C0A08;
			productRefGroup = 11D294EB1885E096004C0A08 /* Products */;
			projectDirPath = "";
			projectRoot = "";
			targets = (
				11D294E91885E096004C0A08 /* Class Roster */,
				11D295041885E096004C0A08 /* Class RosterTests */,
			);
		};
/* End PBXProject section */

/* Begin PBXResourcesBuildPhase section */
		11D294E81885E096004C0A08 /* Resources */ = {
			isa = PBXResourcesBuildPhase;
			buildActionMask = 2147483647;
			files = (
				11D294F81885E096004C0A08 /* InfoPlist.strings in Resources */,
				11D2952F1885F126004C0A08 /* Bootcamp.plist in Resources */,
				11D295001885E096004C0A08 /* Images.xcassets in Resources */,
				11D2951D1885E0C1004C0A08 /* Main_iPhone.storyboard in Resources */,
			);
			runOnlyForDeploymentPostprocessing = 0;
		};
		11D295031885E096004C0A08 /* Resources */ = {
			isa = PBXResourcesBuildPhase;
			buildActionMask = 2147483647;
			files = (
				11D295111885E096004C0A08 /* InfoPlist.strings in Resources */,
			);
			runOnlyForDeploymentPostprocessing = 0;
		};
/* End PBXResourcesBuildPhase section */

/* Begin PBXSourcesBuildPhase section */
		11D294E61885E096004C0A08 /* Sources */ = {
			isa = PBXSourcesBuildPhase;
			buildActionMask = 2147483647;
			files = (
				11D294FA1885E096004C0A08 /* main.m in Sources */,
				11D294FE1885E096004C0A08 /* NmffAppDelegate.m in Sources */,
				11D295291885E2FD004C0A08 /* NmffDetailViewController.m in Sources */,
				111F29EF1887C3F6001B3235 /* NmffSharedImageProcessor.m in Sources */,
				1144F19C188894F700C8D730 /* NmffCell.m in Sources */,
				11D295201885E0ED004C0A08 /* NmffViewController.m in Sources */,
				111F197018860B5000D54F8C /* NmffDataController.m in Sources */,
				11D2952D1885EC07004C0A08 /* NmffIndividual.m in Sources */,
			);
			runOnlyForDeploymentPostprocessing = 0;
		};
		11D295011885E096004C0A08 /* Sources */ = {
			isa = PBXSourcesBuildPhase;
			buildActionMask = 2147483647;
			files = (
				11D295131885E096004C0A08 /* Class_RosterTests.m in Sources */,
			);
			runOnlyForDeploymentPostprocessing = 0;
		};
/* End PBXSourcesBuildPhase section */

/* Begin PBXTargetDependency section */
		11D2950B1885E096004C0A08 /* PBXTargetDependency */ = {
			isa = PBXTargetDependency;
			target = 11D294E91885E096004C0A08 /* Class Roster */;
			targetProxy = 11D2950A1885E096004C0A08 /* PBXContainerItemProxy */;
		};
/* End PBXTargetDependency section */

/* Begin PBXVariantGroup section */
		11D294F61885E096004C0A08 /* InfoPlist.strings */ = {
			isa = PBXVariantGroup;
			children = (
				11D294F71885E096004C0A08 /* en */,
			);
			name = InfoPlist.strings;
			sourceTree = "<group>";
		};
		11D2950F1885E096004C0A08 /* InfoPlist.strings */ = {
			isa = PBXVariantGroup;
			children = (
				11D295101885E096004C0A08 /* en */,
			);
			name = InfoPlist.strings;
			sourceTree = "<group>";
		};
/* End PBXVariantGroup section */

/* Begin XCBuildConfiguration section */
		11D295141885E096004C0A08 /* Debug */ = {
			isa = XCBuildConfiguration;
			buildSettings = {
				ALWAYS_SEARCH_USER_PATHS = NO;
				ARCHS = "$(ARCHS_STANDARD_INCLUDING_64_BIT)";
				CLANG_CXX_LANGUAGE_STANDARD = "gnu++0x";
				CLANG_CXX_LIBRARY = "libc++";
				CLANG_ENABLE_MODULES = YES;
				CLANG_ENABLE_OBJC_ARC = YES;
				CLANG_WARN_BOOL_CONVERSION = YES;
				CLANG_WARN_CONSTANT_CONVERSION = YES;
				CLANG_WARN_DIRECT_OBJC_ISA_USAGE = YES_ERROR;
				CLANG_WARN_EMPTY_BODY = YES;
				CLANG_WARN_ENUM_CONVERSION = YES;
				CLANG_WARN_INT_CONVERSION = YES;
				CLANG_WARN_OBJC_ROOT_CLASS = YES_ERROR;
				CLANG_WARN__DUPLICATE_METHOD_MATCH = YES;
				"CODE_SIGN_IDENTITY[sdk=iphoneos*]" = "iPhone Developer";
				COPY_PHASE_STRIP = NO;
				GCC_C_LANGUAGE_STANDARD = gnu99;
				GCC_DYNAMIC_NO_PIC = NO;
				GCC_OPTIMIZATION_LEVEL = 0;
				GCC_PREPROCESSOR_DEFINITIONS = (
					"DEBUG=1",
					"$(inherited)",
				);
				GCC_SYMBOLS_PRIVATE_EXTERN = NO;
				GCC_WARN_64_TO_32_BIT_CONVERSION = YES;
				GCC_WARN_ABOUT_RETURN_TYPE = YES_ERROR;
				GCC_WARN_UNDECLARED_SELECTOR = YES;
				GCC_WARN_UNINITIALIZED_AUTOS = YES;
				GCC_WARN_UNUSED_FUNCTION = YES;
				GCC_WARN_UNUSED_VARIABLE = YES;
				IPHONEOS_DEPLOYMENT_TARGET = 7.0;
				ONLY_ACTIVE_ARCH = YES;
				SDKROOT = iphoneos;
			};
			name = Debug;
		};
		11D295151885E096004C0A08 /* Release */ = {
			isa = XCBuildConfiguration;
			buildSettings = {
				ALWAYS_SEARCH_USER_PATHS = NO;
				ARCHS = "$(ARCHS_STANDARD_INCLUDING_64_BIT)";
				CLANG_CXX_LANGUAGE_STANDARD = "gnu++0x";
				CLANG_CXX_LIBRARY = "libc++";
				CLANG_ENABLE_MODULES = YES;
				CLANG_ENABLE_OBJC_ARC = YES;
				CLANG_WARN_BOOL_CONVERSION = YES;
				CLANG_WARN_CONSTANT_CONVERSION = YES;
				CLANG_WARN_DIRECT_OBJC_ISA_USAGE = YES_ERROR;
				CLANG_WARN_EMPTY_BODY = YES;
				CLANG_WARN_ENUM_CONVERSION = YES;
				CLANG_WARN_INT_CONVERSION = YES;
				CLANG_WARN_OBJC_ROOT_CLASS = YES_ERROR;
				CLANG_WARN__DUPLICATE_METHOD_MATCH = YES;
				"CODE_SIGN_IDENTITY[sdk=iphoneos*]" = "iPhone Developer";
				COPY_PHASE_STRIP = YES;
				ENABLE_NS_ASSERTIONS = NO;
				GCC_C_LANGUAGE_STANDARD = gnu99;
				GCC_WARN_64_TO_32_BIT_CONVERSION = YES;
				GCC_WARN_ABOUT_RETURN_TYPE = YES_ERROR;
				GCC_WARN_UNDECLARED_SELECTOR = YES;
				GCC_WARN_UNINITIALIZED_AUTOS = YES;
				GCC_WARN_UNUSED_FUNCTION = YES;
				GCC_WARN_UNUSED_VARIABLE = YES;
				IPHONEOS_DEPLOYMENT_TARGET = 7.0;
				SDKROOT = iphoneos;
				VALIDATE_PRODUCT = YES;
			};
			name = Release;
		};
		11D295171885E096004C0A08 /* Debug */ = {
			isa = XCBuildConfiguration;
			buildSettings = {
				ASSETCATALOG_COMPILER_APPICON_NAME = AppIcon;
				ASSETCATALOG_COMPILER_LAUNCHIMAGE_NAME = LaunchImage;
				GCC_PRECOMPILE_PREFIX_HEADER = YES;
				GCC_PREFIX_HEADER = "Class Roster/Class Roster-Prefix.pch";
				INFOPLIST_FILE = "Class Roster/Class Roster-Info.plist";
				PRODUCT_NAME = "$(TARGET_NAME)";
				TARGETED_DEVICE_FAMILY = 1;
				WRAPPER_EXTENSION = app;
			};
			name = Debug;
		};
		11D295181885E096004C0A08 /* Release */ = {
			isa = XCBuildConfiguration;
			buildSettings = {
				ASSETCATALOG_COMPILER_APPICON_NAME = AppIcon;
				ASSETCATALOG_COMPILER_LAUNCHIMAGE_NAME = LaunchImage;
				GCC_PRECOMPILE_PREFIX_HEADER = YES;
				GCC_PREFIX_HEADER = "Class Roster/Class Roster-Prefix.pch";
				INFOPLIST_FILE = "Class Roster/Class Roster-Info.plist";
				PRODUCT_NAME = "$(TARGET_NAME)";
				TARGETED_DEVICE_FAMILY = 1;
				WRAPPER_EXTENSION = app;
			};
			name = Release;
		};
		11D2951A1885E096004C0A08 /* Debug */ = {
			isa = XCBuildConfiguration;
			buildSettings = {
				ARCHS = "$(ARCHS_STANDARD_INCLUDING_64_BIT)";
				BUNDLE_LOADER = "$(BUILT_PRODUCTS_DIR)/Class Roster.app/Class Roster";
				FRAMEWORK_SEARCH_PATHS = (
					"$(SDKROOT)/Developer/Library/Frameworks",
					"$(inherited)",
					"$(DEVELOPER_FRAMEWORKS_DIR)",
				);
				GCC_PRECOMPILE_PREFIX_HEADER = YES;
				GCC_PREFIX_HEADER = "Class Roster/Class Roster-Prefix.pch";
				GCC_PREPROCESSOR_DEFINITIONS = (
					"DEBUG=1",
					"$(inherited)",
				);
				INFOPLIST_FILE = "Class RosterTests/Class RosterTests-Info.plist";
				PRODUCT_NAME = "$(TARGET_NAME)";
				TEST_HOST = "$(BUNDLE_LOADER)";
				WRAPPER_EXTENSION = xctest;
			};
			name = Debug;
		};
		11D2951B1885E096004C0A08 /* Release */ = {
			isa = XCBuildConfiguration;
			buildSettings = {
				ARCHS = "$(ARCHS_STANDARD_INCLUDING_64_BIT)";
				BUNDLE_LOADER = "$(BUILT_PRODUCTS_DIR)/Class Roster.app/Class Roster";
				FRAMEWORK_SEARCH_PATHS = (
					"$(SDKROOT)/Developer/Library/Frameworks",
					"$(inherited)",
					"$(DEVELOPER_FRAMEWORKS_DIR)",
				);
				GCC_PRECOMPILE_PREFIX_HEADER = YES;
				GCC_PREFIX_HEADER = "Class Roster/Class Roster-Prefix.pch";
				INFOPLIST_FILE = "Class RosterTests/Class RosterTests-Info.plist";
				PRODUCT_NAME = "$(TARGET_NAME)";
				TEST_HOST = "$(BUNDLE_LOADER)";
				WRAPPER_EXTENSION = xctest;
			};
			name = Release;
		};
/* End XCBuildConfiguration section */

/* Begin XCConfigurationList section */
		11D294E51885E096004C0A08 /* Build configuration list for PBXProject "Class Roster" */ = {
			isa = XCConfigurationList;
			buildConfigurations = (
				11D295141885E096004C0A08 /* Debug */,
				11D295151885E096004C0A08 /* Release */,
			);
			defaultConfigurationIsVisible = 0;
			defaultConfigurationName = Release;
		};
		11D295161885E096004C0A08 /* Build configuration list for PBXNativeTarget "Class Roster" */ = {
			isa = XCConfigurationList;
			buildConfigurations = (
				11D295171885E096004C0A08 /* Debug */,
				11D295181885E096004C0A08 /* Release */,
			);
			defaultConfigurationIsVisible = 0;
			defaultConfigurationName = Release;
		};
		11D295191885E096004C0A08 /* Build configuration list for PBXNativeTarget "Class RosterTests" */ = {
			isa = XCConfigurationList;
			buildConfigurations = (
				11D2951A1885E096004C0A08 /* Debug */,
				11D2951B1885E096004C0A08 /* Release */,
			);
			defaultConfigurationIsVisible = 0;
			defaultConfigurationName = Release;
		};
/* End XCConfigurationList section */
	};
	rootObject = 11D294E21885E096004C0A08 /* Project object */;
}
